
Microsoft Visual Studio Solution File, Format Version 12.00
# Visual Studio Version 17
VisualStudioVersion = 17.2.32516.85
MinimumVisualStudioVersion = 10.0.40219.1
Project("{FAE04EC0-301F-11D3-BF4B-00C04F79EFBC}") = "selection statement", "selection statement\selection statement.csproj", "{AB21596E-4DF6-48D2-9CC9-E20C9EBB5E45}"
EndProject
Global
	GlobalSection(SolutionConfigurationPlatforms) = preSolution
		Debug|Any CPU = Debug|Any CPU
		Release|Any CPU = Release|Any CPU
	EndGlobalSection
	GlobalSection(ProjectConfigurationPlatforms) = postSolution
		{AB21596E-4DF6-48D2-9CC9-E20C9EBB5E45}.Debug|Any CPU.ActiveCfg = Debug|Any CPU
		{AB21596E-4DF6-48D2-9CC9-E20C9EBB5E45}.Debug|Any CPU.Build.0 = Debug|Any CPU
		{AB21596E-4DF6-48D2-9CC9-E20C9EBB5E45}.Release|Any CPU.ActiveCfg = Release|Any CPU
		{AB21596E-4DF6-48D2-9CC9-E20C9EBB5E45}.Release|Any CPU.Build.0 = Release|Any CPU
	EndGlobalSection
	GlobalSection(SolutionProperties) = preSolution
		HideSolutionNode = FALSE
	EndGlobalSection
	GlobalSection(ExtensibilityGlobals) = postSolution
		SolutionGuid = {BA739EC2-12D2-41BB-9349-00FCEBEEC0B8}
	EndGlobalSection
EndGlobal
